{
  "R": {
    "Version": "4.4.0",
    "Repositories": [
      {
        "Name": "CRAN",
        "URL": "https://cloud.r-project.org"
      }
    ]
  },
  "Packages": {
    "ggplot2": {
      "Package": "ggplot2",
      "Version": "*",
      "Source": "Repository",
      "Repository": "CRAN",
      "Hash": "a1b2c3d4"
    },
    "dplyr": {
      "Package": "dplyr",
      "Version": "*",
      "Source": "Repository",
      "Repository": "CRAN",
      "Hash": "e5f6g7h8"
    },
    "tidyr": {
      "Package": "tidyr",
      "Version": "*",
      "Source": "Repository",
      "Repository": "CRAN",
      "Hash": "i9j0k1l2"
    }
  }
}
